
Microsoft Visual Studio Solution File, Format Version 12.00
# Visual Studio 14
VisualStudioVersion = 14.0.25420.1
MinimumVisualStudioVersion = 10.0.40219.1
Project("{2150E333-8FDC-42A3-9474-1A3956D46DE8}") = "90 - Prototipo", "90 - Prototipo", "{608A4B2C-E04F-43B4-8FFD-6F9032BB6DEB}"
EndProject
Project("{FAE04EC0-301F-11D3-BF4B-00C04F79EFBC}") = "BusDep.Prototipo.Web", "BusDep.Prototipo.Web\BusDep.Prototipo.Web.csproj", "{9BEB9E58-D7BB-406C-8AAD-BEF65A8F7FEA}"
EndProject
Project("{2150E333-8FDC-42A3-9474-1A3956D46DE8}") = "06 - Web", "06 - Web", "{794859D3-F3D3-489A-A0C1-CF2E34640CAB}"
EndProject
Project("{FAE04EC0-301F-11D3-BF4B-00C04F79EFBC}") = "BusDep.Web", "BusDep.Web\BusDep.Web.csproj", "{8075050A-42D7-4A9E-A662-1A4BED7967DC}"
EndProject
Project("{2150E333-8FDC-42A3-9474-1A3956D46DE8}") = "01 - Entity", "01 - Entity", "{048D04DA-9812-4FE8-B681-F86B4607B2F1}"
EndProject
Project("{2150E333-8FDC-42A3-9474-1A3956D46DE8}") = "02 - DA", "02 - DA", "{9608AACB-3C09-47E5-AAF7-96A7BC57DD18}"
EndProject
Project("{FAE04EC0-301F-11D3-BF4B-00C04F79EFBC}") = "BusDep.DataAccess", "BusDep.DataAccess\BusDep.DataAccess.csproj", "{5BA7968D-C1BB-480E-9DBD-D625B8A7C8A8}"
EndProject
Project("{FAE04EC0-301F-11D3-BF4B-00C04F79EFBC}") = "BusDep.Entity", "BusDep.Entity\BusDep.Entity.csproj", "{08443261-9031-4F38-8492-CB151303B280}"
EndProject
Project("{2150E333-8FDC-42A3-9474-1A3956D46DE8}") = "99 - Testing", "99 - Testing", "{8534DF72-F2E2-4E57-9C1E-D13C76D98594}"
EndProject
Project("{FAE04EC0-301F-11D3-BF4B-00C04F79EFBC}") = "BusDep.Testing", "BusDep.Testing\BusDep.Testing.csproj", "{21C02293-5E5A-4BB7-8918-54AA39F341D3}"
EndProject
Project("{2150E333-8FDC-42A3-9474-1A3956D46DE8}") = "03 - Business", "03 - Business", "{81EB8AD6-BAE0-48A0-8E27-1E084078575D}"
EndProject
Project("{2150E333-8FDC-42A3-9474-1A3956D46DE8}") = "04 - ViewModel", "04 - ViewModel", "{1505B296-68E5-4304-9501-EAA684BA0008}"
EndProject
Project("{FAE04EC0-301F-11D3-BF4B-00C04F79EFBC}") = "BusDep.Business", "BusDep.Business\BusDep.Business.csproj", "{B61D396E-F8A3-48DA-99C0-C9EE01A63922}"
EndProject
Project("{FAE04EC0-301F-11D3-BF4B-00C04F79EFBC}") = "BusDep.ViewModel", "BusDep.ViewModel\BusDep.ViewModel.csproj", "{6B2017DE-59C4-4213-966A-C58DD1F56052}"
EndProject
Project("{2150E333-8FDC-42A3-9474-1A3956D46DE8}") = "00 - Common", "00 - Common", "{7782FDC5-3F2D-403A-813F-7E9874B0812E}"
EndProject
Project("{FAE04EC0-301F-11D3-BF4B-00C04F79EFBC}") = "BusDep", "BusDep\BusDep.csproj", "{70EF3703-B4C9-474D-A7E1-45874E8537BF}"
EndProject
Project("{FAE04EC0-301F-11D3-BF4B-00C04F79EFBC}") = "BusDep.IBusiness", "BusDep.IBusiness\BusDep.IBusiness.csproj", "{00AB7371-D630-4615-A51E-AAFB1ED2B0EF}"
EndProject
Project("{FAE04EC0-301F-11D3-BF4B-00C04F79EFBC}") = "BusDep.IDataAccess", "BusDep.IDataAccess\BusDep.IDataAccess.csproj", "{F1EB0E40-9EF3-4F91-BADF-737BDAAFE504}"
EndProject
Project("{2150E333-8FDC-42A3-9474-1A3956D46DE8}") = "05 - Configuracion", "05 - Configuracion", "{E05F1364-C576-4E05-B32E-858301B598DC}"
EndProject
Project("{FAE04EC0-301F-11D3-BF4B-00C04F79EFBC}") = "BusDep.Configuration", "BusDep.Configuration\BusDep.Configuration.csproj", "{E2EE939A-F9C0-47B8-BA67-00112DF31C98}"
EndProject
Global
	GlobalSection(SolutionConfigurationPlatforms) = preSolution
		Debug|Any CPU = Debug|Any CPU
		Release|Any CPU = Release|Any CPU
	EndGlobalSection
	GlobalSection(ProjectConfigurationPlatforms) = postSolution
		{9BEB9E58-D7BB-406C-8AAD-BEF65A8F7FEA}.Debug|Any CPU.ActiveCfg = Debug|Any CPU
		{9BEB9E58-D7BB-406C-8AAD-BEF65A8F7FEA}.Debug|Any CPU.Build.0 = Debug|Any CPU
		{9BEB9E58-D7BB-406C-8AAD-BEF65A8F7FEA}.Release|Any CPU.ActiveCfg = Release|Any CPU
		{9BEB9E58-D7BB-406C-8AAD-BEF65A8F7FEA}.Release|Any CPU.Build.0 = Release|Any CPU
		{8075050A-42D7-4A9E-A662-1A4BED7967DC}.Debug|Any CPU.ActiveCfg = Debug|Any CPU
		{8075050A-42D7-4A9E-A662-1A4BED7967DC}.Debug|Any CPU.Build.0 = Debug|Any CPU
		{8075050A-42D7-4A9E-A662-1A4BED7967DC}.Release|Any CPU.ActiveCfg = Release|Any CPU
		{8075050A-42D7-4A9E-A662-1A4BED7967DC}.Release|Any CPU.Build.0 = Release|Any CPU
		{5BA7968D-C1BB-480E-9DBD-D625B8A7C8A8}.Debug|Any CPU.ActiveCfg = Debug|Any CPU
		{5BA7968D-C1BB-480E-9DBD-D625B8A7C8A8}.Debug|Any CPU.Build.0 = Debug|Any CPU
		{5BA7968D-C1BB-480E-9DBD-D625B8A7C8A8}.Release|Any CPU.ActiveCfg = Release|Any CPU
		{5BA7968D-C1BB-480E-9DBD-D625B8A7C8A8}.Release|Any CPU.Build.0 = Release|Any CPU
		{08443261-9031-4F38-8492-CB151303B280}.Debug|Any CPU.ActiveCfg = Debug|Any CPU
		{08443261-9031-4F38-8492-CB151303B280}.Debug|Any CPU.Build.0 = Debug|Any CPU
		{08443261-9031-4F38-8492-CB151303B280}.Release|Any CPU.ActiveCfg = Release|Any CPU
		{08443261-9031-4F38-8492-CB151303B280}.Release|Any CPU.Build.0 = Release|Any CPU
		{21C02293-5E5A-4BB7-8918-54AA39F341D3}.Debug|Any CPU.ActiveCfg = Debug|Any CPU
		{21C02293-5E5A-4BB7-8918-54AA39F341D3}.Debug|Any CPU.Build.0 = Debug|Any CPU
		{21C02293-5E5A-4BB7-8918-54AA39F341D3}.Release|Any CPU.ActiveCfg = Release|Any CPU
		{21C02293-5E5A-4BB7-8918-54AA39F341D3}.Release|Any CPU.Build.0 = Release|Any CPU
		{B61D396E-F8A3-48DA-99C0-C9EE01A63922}.Debug|Any CPU.ActiveCfg = Debug|Any CPU
		{B61D396E-F8A3-48DA-99C0-C9EE01A63922}.Debug|Any CPU.Build.0 = Debug|Any CPU
		{B61D396E-F8A3-48DA-99C0-C9EE01A63922}.Release|Any CPU.ActiveCfg = Release|Any CPU
		{B61D396E-F8A3-48DA-99C0-C9EE01A63922}.Release|Any CPU.Build.0 = Release|Any CPU
		{6B2017DE-59C4-4213-966A-C58DD1F56052}.Debug|Any CPU.ActiveCfg = Debug|Any CPU
		{6B2017DE-59C4-4213-966A-C58DD1F56052}.Debug|Any CPU.Build.0 = Debug|Any CPU
		{6B2017DE-59C4-4213-966A-C58DD1F56052}.Release|Any CPU.ActiveCfg = Release|Any CPU
		{6B2017DE-59C4-4213-966A-C58DD1F56052}.Release|Any CPU.Build.0 = Release|Any CPU
		{70EF3703-B4C9-474D-A7E1-45874E8537BF}.Debug|Any CPU.ActiveCfg = Debug|Any CPU
		{70EF3703-B4C9-474D-A7E1-45874E8537BF}.Debug|Any CPU.Build.0 = Debug|Any CPU
		{70EF3703-B4C9-474D-A7E1-45874E8537BF}.Release|Any CPU.ActiveCfg = Release|Any CPU
		{70EF3703-B4C9-474D-A7E1-45874E8537BF}.Release|Any CPU.Build.0 = Release|Any CPU
		{00AB7371-D630-4615-A51E-AAFB1ED2B0EF}.Debug|Any CPU.ActiveCfg = Debug|Any CPU
		{00AB7371-D630-4615-A51E-AAFB1ED2B0EF}.Debug|Any CPU.Build.0 = Debug|Any CPU
		{00AB7371-D630-4615-A51E-AAFB1ED2B0EF}.Release|Any CPU.ActiveCfg = Release|Any CPU
		{00AB7371-D630-4615-A51E-AAFB1ED2B0EF}.Release|Any CPU.Build.0 = Release|Any CPU
		{F1EB0E40-9EF3-4F91-BADF-737BDAAFE504}.Debug|Any CPU.ActiveCfg = Debug|Any CPU
		{F1EB0E40-9EF3-4F91-BADF-737BDAAFE504}.Debug|Any CPU.Build.0 = Debug|Any CPU
		{F1EB0E40-9EF3-4F91-BADF-737BDAAFE504}.Release|Any CPU.ActiveCfg = Release|Any CPU
		{F1EB0E40-9EF3-4F91-BADF-737BDAAFE504}.Release|Any CPU.Build.0 = Release|Any CPU
		{E2EE939A-F9C0-47B8-BA67-00112DF31C98}.Debug|Any CPU.ActiveCfg = Debug|Any CPU
		{E2EE939A-F9C0-47B8-BA67-00112DF31C98}.Debug|Any CPU.Build.0 = Debug|Any CPU
		{E2EE939A-F9C0-47B8-BA67-00112DF31C98}.Release|Any CPU.ActiveCfg = Release|Any CPU
		{E2EE939A-F9C0-47B8-BA67-00112DF31C98}.Release|Any CPU.Build.0 = Release|Any CPU
	EndGlobalSection
	GlobalSection(SolutionProperties) = preSolution
		HideSolutionNode = FALSE
	EndGlobalSection
	GlobalSection(NestedProjects) = preSolution
		{9BEB9E58-D7BB-406C-8AAD-BEF65A8F7FEA} = {608A4B2C-E04F-43B4-8FFD-6F9032BB6DEB}
		{8075050A-42D7-4A9E-A662-1A4BED7967DC} = {794859D3-F3D3-489A-A0C1-CF2E34640CAB}
		{5BA7968D-C1BB-480E-9DBD-D625B8A7C8A8} = {9608AACB-3C09-47E5-AAF7-96A7BC57DD18}
		{08443261-9031-4F38-8492-CB151303B280} = {048D04DA-9812-4FE8-B681-F86B4607B2F1}
		{21C02293-5E5A-4BB7-8918-54AA39F341D3} = {8534DF72-F2E2-4E57-9C1E-D13C76D98594}
		{B61D396E-F8A3-48DA-99C0-C9EE01A63922} = {81EB8AD6-BAE0-48A0-8E27-1E084078575D}
		{6B2017DE-59C4-4213-966A-C58DD1F56052} = {1505B296-68E5-4304-9501-EAA684BA0008}
		{70EF3703-B4C9-474D-A7E1-45874E8537BF} = {7782FDC5-3F2D-403A-813F-7E9874B0812E}
		{00AB7371-D630-4615-A51E-AAFB1ED2B0EF} = {81EB8AD6-BAE0-48A0-8E27-1E084078575D}
		{F1EB0E40-9EF3-4F91-BADF-737BDAAFE504} = {9608AACB-3C09-47E5-AAF7-96A7BC57DD18}
		{E2EE939A-F9C0-47B8-BA67-00112DF31C98} = {E05F1364-C576-4E05-B32E-858301B598DC}
	EndGlobalSection
EndGlobal
